
Microsoft Visual Studio Solution File, Format Version 12.00
# Visual Studio Version 17
VisualStudioVersion = 17.5.002.0
MinimumVisualStudioVersion = 10.0.40219.1
Project("{9A19103F-16F7-4668-BE54-9A1E7A4F7556}") = "BrokenLinkChecker", "BrokenLinkChecker.csproj", "{1AEEEE1E-AA48-44FD-9133-113C041E3E28}"
EndProject
Global
	GlobalSection(SolutionConfigurationPlatforms) = preSolution
		Debug|Any CPU = Debug|Any CPU
		Release|Any CPU = Release|Any CPU
	EndGlobalSection
	GlobalSection(ProjectConfigurationPlatforms) = postSolution
		{1AEEEE1E-AA48-44FD-9133-113C041E3E28}.Debug|Any CPU.ActiveCfg = Debug|Any CPU
		{1AEEEE1E-AA48-44FD-9133-113C041E3E28}.Debug|Any CPU.Build.0 = Debug|Any CPU
		{1AEEEE1E-AA48-44FD-9133-113C041E3E28}.Release|Any CPU.ActiveCfg = Release|Any CPU
		{1AEEEE1E-AA48-44FD-9133-113C041E3E28}.Release|Any CPU.Build.0 = Release|Any CPU
	EndGlobalSection
	GlobalSection(SolutionProperties) = preSolution
		HideSolutionNode = FALSE
	EndGlobalSection
	GlobalSection(ExtensibilityGlobals) = postSolution
		SolutionGuid = {120BF049-46B6-43B0-983C-102A0C3756B4}
	EndGlobalSection
EndGlobal
